// !$*UTF8*$!
{
	archiveVersion = 1;
	classes = {
	};
	objectVersion = 46;
	objects = {

/* Begin PBXBuildFile section */
		336AB1F016BA1507007A1A77 /* CardMatchingGame.m in Sources */ = {isa = PBXBuildFile; fileRef = 336AB1EF16BA1507007A1A77 /* CardMatchingGame.m */; };
		33FEBF4A16BA6B6E001624AD /* QuartzCore.framework in Frameworks */ = {isa = PBXBuildFile; fileRef = 33FEBF4916BA6B6E001624AD /* QuartzCore.framework */; };
		BA41199C16B44BAC00983454 /* UIKit.framework in Frameworks */ = {isa = PBXBuildFile; fileRef = BA41199B16B44BAC00983454 /* UIKit.framework */; };
		BA41199E16B44BAC00983454 /* Foundation.framework in Frameworks */ = {isa = PBXBuildFile; fileRef = BA41199D16B44BAC00983454 /* Foundation.framework */; };
		BA4119A016B44BAC00983454 /* CoreGraphics.framework in Frameworks */ = {isa = PBXBuildFile; fileRef = BA41199F16B44BAC00983454 /* CoreGraphics.framework */; };
		BA4119A616B44BAC00983454 /* InfoPlist.strings in Resources */ = {isa = PBXBuildFile; fileRef = BA4119A416B44BAC00983454 /* InfoPlist.strings */; };
		BA4119A816B44BAC00983454 /* main.m in Sources */ = {isa = PBXBuildFile; fileRef = BA4119A716B44BAC00983454 /* main.m */; };
		BA4119AC16B44BAC00983454 /* CardGameAppDelegate.m in Sources */ = {isa = PBXBuildFile; fileRef = BA4119AB16B44BAC00983454 /* CardGameAppDelegate.m */; };
		BA4119B516B44BAD00983454 /* MainStoryboard_iPhone.storyboard in Resources */ = {isa = PBXBuildFile; fileRef = BA4119B316B44BAD00983454 /* MainStoryboard_iPhone.storyboard */; };
		BA4119B816B44BAE00983454 /* MainStoryboard_iPad.storyboard in Resources */ = {isa = PBXBuildFile; fileRef = BA4119B616B44BAE00983454 /* MainStoryboard_iPad.storyboard */; };
		BA4119C316B44BB100983454 /* SenTestingKit.framework in Frameworks */ = {isa = PBXBuildFile; fileRef = BA4119C216B44BB100983454 /* SenTestingKit.framework */; };
		BA4119C416B44BB100983454 /* UIKit.framework in Frameworks */ = {isa = PBXBuildFile; fileRef = BA41199B16B44BAC00983454 /* UIKit.framework */; };
		BA4119C516B44BB100983454 /* Foundation.framework in Frameworks */ = {isa = PBXBuildFile; fileRef = BA41199D16B44BAC00983454 /* Foundation.framework */; };
		BA4119CD16B44BB100983454 /* InfoPlist.strings in Resources */ = {isa = PBXBuildFile; fileRef = BA4119CB16B44BB100983454 /* InfoPlist.strings */; };
		BA4119D016B44BB100983454 /* CardGameTests.m in Sources */ = {isa = PBXBuildFile; fileRef = BA4119CF16B44BB100983454 /* CardGameTests.m */; };
		BA8A6C9D16B44FD0008126C0 /* Card.m in Sources */ = {isa = PBXBuildFile; fileRef = BA8A6C9C16B44FD0008126C0 /* Card.m */; };
		BA8A6CA016B453ED008126C0 /* Deck.m in Sources */ = {isa = PBXBuildFile; fileRef = BA8A6C9F16B453ED008126C0 /* Deck.m */; };
		BA8A6CA316B456CA008126C0 /* PlayingCard.m in Sources */ = {isa = PBXBuildFile; fileRef = BA8A6CA216B456CA008126C0 /* PlayingCard.m */; };
		BA8A6CA616B46127008126C0 /* PlayingCardDeck.m in Sources */ = {isa = PBXBuildFile; fileRef = BA8A6CA516B46127008126C0 /* PlayingCardDeck.m */; };
		BA8A6CAA16B46811008126C0 /* CardGameViewController.m in Sources */ = {isa = PBXBuildFile; fileRef = BA8A6CA916B46811008126C0 /* CardGameViewController.m */; };
		BAA5EF3516BCBD2B00BF8D10 /* table background.png in Resources */ = {isa = PBXBuildFile; fileRef = BAA5EF3316BCBD2B00BF8D10 /* table background.png */; };
		BAA5EF3616BCBD2B00BF8D10 /* table background@2x.png in Resources */ = {isa = PBXBuildFile; fileRef = BAA5EF3416BCBD2B00BF8D10 /* table background@2x.png */; };
		BAAFDAFE16BCC8DB00C5A39A /* CardBack@2x~ipad.png in Resources */ = {isa = PBXBuildFile; fileRef = BAAFDAFA16BCC8DB00C5A39A /* CardBack@2x~ipad.png */; };
		BAAFDAFF16BCC8DB00C5A39A /* CardBack~ipad.png in Resources */ = {isa = PBXBuildFile; fileRef = BAAFDAFB16BCC8DB00C5A39A /* CardBack~ipad.png */; };
		BAAFDB0E16BCCEAB00C5A39A /* CardBack.png in Resources */ = {isa = PBXBuildFile; fileRef = BAAFDB0C16BCCEAB00C5A39A /* CardBack.png */; };
		BAAFDB0F16BCCEAB00C5A39A /* CardBack@2x.png in Resources */ = {isa = PBXBuildFile; fileRef = BAAFDB0D16BCCEAB00C5A39A /* CardBack@2x.png */; };
		BAAFDB1116BCCEF500C5A39A /* Default-568h@2x.png in Resources */ = {isa = PBXBuildFile; fileRef = BAAFDB1016BCCEF500C5A39A /* Default-568h@2x.png */; };
		BAAFDB1416BCD45000C5A39A /* Deal Deck.png in Resources */ = {isa = PBXBuildFile; fileRef = BAAFDB1216BCD45000C5A39A /* Deal Deck.png */; };
		BAAFDB1516BCD45000C5A39A /* Deal Deck@2x.png in Resources */ = {isa = PBXBuildFile; fileRef = BAAFDB1316BCD45000C5A39A /* Deal Deck@2x.png */; };
		BAAFDB1B16BCDAAC00C5A39A /* Default.png in Resources */ = {isa = PBXBuildFile; fileRef = BAAFDB1A16BCDAAC00C5A39A /* Default.png */; };
		BAAFDB1E16BCDAB300C5A39A /* Default@2x.png in Resources */ = {isa = PBXBuildFile; fileRef = BAAFDB1D16BCDAB300C5A39A /* Default@2x.png */; };
		BAAFDB2016BCDACC00C5A39A /* Default-Portrait~ipad.png in Resources */ = {isa = PBXBuildFile; fileRef = BAAFDB1F16BCDACC00C5A39A /* Default-Portrait~ipad.png */; };
		BAAFDB2216BCDB7100C5A39A /* Default-Portrait@2x~ipad.png in Resources */ = {isa = PBXBuildFile; fileRef = BAAFDB2116BCDB7100C5A39A /* Default-Portrait@2x~ipad.png */; };
		BAAFDB2416BCDB7600C5A39A /* Default-Landscape~ipad.png in Resources */ = {isa = PBXBuildFile; fileRef = BAAFDB2316BCDB7600C5A39A /* Default-Landscape~ipad.png */; };
		BAAFDB2616BCDB7800C5A39A /* Default-Landscape@2x~ipad.png in Resources */ = {isa = PBXBuildFile; fileRef = BAAFDB2516BCDB7800C5A39A /* Default-Landscape@2x~ipad.png */; };
		BAFB80A816C0253400E50F3E /* diamond-1@2x.png in Resources */ = {isa = PBXBuildFile; fileRef = BAFB804016C0253400E50F3E /* diamond-1@2x.png */; };
		BAFB80A916C0253400E50F3E /* diamond-2.png in Resources */ = {isa = PBXBuildFile; fileRef = BAFB804116C0253400E50F3E /* diamond-2.png */; };
		BAFB80AA16C0253400E50F3E /* diamond-2@2x.png in Resources */ = {isa = PBXBuildFile; fileRef = BAFB804216C0253400E50F3E /* diamond-2@2x.png */; };
		BAFB80AB16C0253400E50F3E /* diamond-3.png in Resources */ = {isa = PBXBuildFile; fileRef = BAFB804316C0253400E50F3E /* diamond-3.png */; };
		BAFB80AC16C0253400E50F3E /* diamond-3@2x.png in Resources */ = {isa = PBXBuildFile; fileRef = BAFB804416C0253400E50F3E /* diamond-3@2x.png */; };
		BAFB80AD16C0253400E50F3E /* diamond-4.png in Resources */ = {isa = PBXBuildFile; fileRef = BAFB804516C0253400E50F3E /* diamond-4.png */; };
		BAFB80AE16C0253400E50F3E /* diamond-4@2x.png in Resources */ = {isa = PBXBuildFile; fileRef = BAFB804616C0253400E50F3E /* diamond-4@2x.png */; };
		BAFB80AF16C0253400E50F3E /* diamond-5.png in Resources */ = {isa = PBXBuildFile; fileRef = BAFB804716C0253400E50F3E /* diamond-5.png */; };
		BAFB80B016C0253400E50F3E /* diamond-5@2x.png in Resources */ = {isa = PBXBuildFile; fileRef = BAFB804816C0253400E50F3E /* diamond-5@2x.png */; };
		BAFB80B116C0253400E50F3E /* diamond-6.png in Resources */ = {isa = PBXBuildFile; fileRef = BAFB804916C0253400E50F3E /* diamond-6.png */; };
		BAFB80B216C0253400E50F3E /* diamond-6@2x.png in Resources */ = {isa = PBXBuildFile; fileRef = BAFB804A16C0253400E50F3E /* diamond-6@2x.png */; };
		BAFB80B316C0253400E50F3E /* diamond-7.png in Resources */ = {isa = PBXBuildFile; fileRef = BAFB804B16C0253400E50F3E /* diamond-7.png */; };
		BAFB80B416C0253400E50F3E /* diamond-7@2x.png in Resources */ = {isa = PBXBuildFile; fileRef = BAFB804C16C0253400E50F3E /* diamond-7@2x.png */; };
		BAFB80B516C0253400E50F3E /* diamond-8.png in Resources */ = {isa = PBXBuildFile; fileRef = BAFB804D16C0253400E50F3E /* diamond-8.png */; };
		BAFB80B616C0253400E50F3E /* diamond-8@2x.png in Resources */ = {isa = PBXBuildFile; fileRef = BAFB804E16C0253400E50F3E /* diamond-8@2x.png */; };
		BAFB80B716C0253400E50F3E /* diamond-9.png in Resources */ = {isa = PBXBuildFile; fileRef = BAFB804F16C0253400E50F3E /* diamond-9.png */; };
		BAFB80B816C0253400E50F3E /* diamond-9@2x.png in Resources */ = {isa = PBXBuildFile; fileRef = BAFB805016C0253400E50F3E /* diamond-9@2x.png */; };
		BAFB80B916C0253400E50F3E /* diamond-13@2x.png in Resources */ = {isa = PBXBuildFile; fileRef = BAFB805116C0253400E50F3E /* diamond-13@2x.png */; };
		BAFB80BA16C0253400E50F3E /* heart-1.png in Resources */ = {isa = PBXBuildFile; fileRef = BAFB805216C0253400E50F3E /* heart-1.png */; };
		BAFB80BB16C0253400E50F3E /* heart-1@2x.png in Resources */ = {isa = PBXBuildFile; fileRef = BAFB805316C0253400E50F3E /* heart-1@2x.png */; };
		BAFB80BC16C0253400E50F3E /* heart-2.png in Resources */ = {isa = PBXBuildFile; fileRef = BAFB805416C0253400E50F3E /* heart-2.png */; };
		BAFB80BD16C0253400E50F3E /* heart-2@2x.png in Resources */ = {isa = PBXBuildFile; fileRef = BAFB805516C0253400E50F3E /* heart-2@2x.png */; };
		BAFB80BE16C0253400E50F3E /* heart-3.png in Resources */ = {isa = PBXBuildFile; fileRef = BAFB805616C0253400E50F3E /* heart-3.png */; };
		BAFB80BF16C0253400E50F3E /* heart-3@2x.png in Resources */ = {isa = PBXBuildFile; fileRef = BAFB805716C0253400E50F3E /* heart-3@2x.png */; };
		BAFB80C016C0253400E50F3E /* heart-4.png in Resources */ = {isa = PBXBuildFile; fileRef = BAFB805816C0253400E50F3E /* heart-4.png */; };
		BAFB80C116C0253400E50F3E /* heart-4@2x.png in Resources */ = {isa = PBXBuildFile; fileRef = BAFB805916C0253400E50F3E /* heart-4@2x.png */; };
		BAFB80C216C0253400E50F3E /* heart-5.png in Resources */ = {isa = PBXBuildFile; fileRef = BAFB805A16C0253400E50F3E /* heart-5.png */; };
		BAFB80C316C0253400E50F3E /* heart-5@2x.png in Resources */ = {isa = PBXBuildFile; fileRef = BAFB805B16C0253400E50F3E /* heart-5@2x.png */; };
		BAFB80C416C0253400E50F3E /* heart-6.png in Resources */ = {isa = PBXBuildFile; fileRef = BAFB805C16C0253400E50F3E /* heart-6.png */; };
		BAFB80C516C0253400E50F3E /* heart-6@2x.png in Resources */ = {isa = PBXBuildFile; fileRef = BAFB805D16C0253400E50F3E /* heart-6@2x.png */; };
		BAFB80C616C0253400E50F3E /* heart-7.png in Resources */ = {isa = PBXBuildFile; fileRef = BAFB805E16C0253400E50F3E /* heart-7.png */; };
		BAFB80C716C0253400E50F3E /* heart-7@2x.png in Resources */ = {isa = PBXBuildFile; fileRef = BAFB805F16C0253400E50F3E /* heart-7@2x.png */; };
		BAFB80C816C0253400E50F3E /* heart-8.png in Resources */ = {isa = PBXBuildFile; fileRef = BAFB806016C0253400E50F3E /* heart-8.png */; };
		BAFB80C916C0253400E50F3E /* heart-8@2x.png in Resources */ = {isa = PBXBuildFile; fileRef = BAFB806116C0253400E50F3E /* heart-8@2x.png */; };
		BAFB80CA16C0253400E50F3E /* heart-9.png in Resources */ = {isa = PBXBuildFile; fileRef = BAFB806216C0253400E50F3E /* heart-9.png */; };
		BAFB80CB16C0253400E50F3E /* heart-9@2x.png in Resources */ = {isa = PBXBuildFile; fileRef = BAFB806316C0253400E50F3E /* heart-9@2x.png */; };
		BAFB80CC16C0253400E50F3E /* heart-10.png in Resources */ = {isa = PBXBuildFile; fileRef = BAFB806416C0253400E50F3E /* heart-10.png */; };
		BAFB80CD16C0253400E50F3E /* heart-10@2x.png in Resources */ = {isa = PBXBuildFile; fileRef = BAFB806516C0253400E50F3E /* heart-10@2x.png */; };
		BAFB80CE16C0253400E50F3E /* heart-11.png in Resources */ = {isa = PBXBuildFile; fileRef = BAFB806616C0253400E50F3E /* heart-11.png */; };
		BAFB80CF16C0253400E50F3E /* heart-11@2x.png in Resources */ = {isa = PBXBuildFile; fileRef = BAFB806716C0253400E50F3E /* heart-11@2x.png */; };
		BAFB80D016C0253400E50F3E /* heart-12.png in Resources */ = {isa = PBXBuildFile; fileRef = BAFB806816C0253400E50F3E /* heart-12.png */; };
		BAFB80D116C0253400E50F3E /* heart-12@2x.png in Resources */ = {isa = PBXBuildFile; fileRef = BAFB806916C0253400E50F3E /* heart-12@2x.png */; };
		BAFB80D216C0253400E50F3E /* heart-13.png in Resources */ = {isa = PBXBuildFile; fileRef = BAFB806A16C0253400E50F3E /* heart-13.png */; };
		BAFB80D316C0253400E50F3E /* heart-13@2x.png in Resources */ = {isa = PBXBuildFile; fileRef = BAFB806B16C0253400E50F3E /* heart-13@2x.png */; };
		BAFB80D416C0253400E50F3E /* spade-1.png in Resources */ = {isa = PBXBuildFile; fileRef = BAFB806C16C0253400E50F3E /* spade-1.png */; };
		BAFB80D516C0253400E50F3E /* spade-1@2x.png in Resources */ = {isa = PBXBuildFile; fileRef = BAFB806D16C0253400E50F3E /* spade-1@2x.png */; };
		BAFB80D616C0253400E50F3E /* spade-2.png in Resources */ = {isa = PBXBuildFile; fileRef = BAFB806E16C0253400E50F3E /* spade-2.png */; };
		BAFB80D716C0253400E50F3E /* spade-2@2x.png in Resources */ = {isa = PBXBuildFile; fileRef = BAFB806F16C0253400E50F3E /* spade-2@2x.png */; };
		BAFB80D816C0253400E50F3E /* spade-3.png in Resources */ = {isa = PBXBuildFile; fileRef = BAFB807016C0253400E50F3E /* spade-3.png */; };
		BAFB80D916C0253400E50F3E /* spade-3@2x.png in Resources */ = {isa = PBXBuildFile; fileRef = BAFB807116C0253400E50F3E /* spade-3@2x.png */; };
		BAFB80DA16C0253400E50F3E /* spade-4.png in Resources */ = {isa = PBXBuildFile; fileRef = BAFB807216C0253400E50F3E /* spade-4.png */; };
		BAFB80DB16C0253400E50F3E /* spade-4@2x.png in Resources */ = {isa = PBXBuildFile; fileRef = BAFB807316C0253400E50F3E /* spade-4@2x.png */; };
		BAFB80DC16C0253400E50F3E /* spade-5.png in Resources */ = {isa = PBXBuildFile; fileRef = BAFB807416C0253400E50F3E /* spade-5.png */; };
		BAFB80DD16C0253400E50F3E /* spade-5@2x.png in Resources */ = {isa = PBXBuildFile; fileRef = BAFB807516C0253400E50F3E /* spade-5@2x.png */; };
		BAFB80DE16C0253400E50F3E /* spade-6.png in Resources */ = {isa = PBXBuildFile; fileRef = BAFB807616C0253400E50F3E /* spade-6.png */; };
		BAFB80DF16C0253400E50F3E /* spade-6@2x.png in Resources */ = {isa = PBXBuildFile; fileRef = BAFB807716C0253400E50F3E /* spade-6@2x.png */; };
		BAFB80E016C0253400E50F3E /* spade-7.png in Resources */ = {isa = PBXBuildFile; fileRef = BAFB807816C0253400E50F3E /* spade-7.png */; };
		BAFB80E116C0253400E50F3E /* spade-7@2x.png in Resources */ = {isa = PBXBuildFile; fileRef = BAFB807916C0253400E50F3E /* spade-7@2x.png */; };
		BAFB80E216C0253400E50F3E /* spade-8.png in Resources */ = {isa = PBXBuildFile; fileRef = BAFB807A16C0253400E50F3E /* spade-8.png */; };
		BAFB80E316C0253400E50F3E /* spade-8@2x.png in Resources */ = {isa = PBXBuildFile; fileRef = BAFB807B16C0253400E50F3E /* spade-8@2x.png */; };
		BAFB80E416C0253400E50F3E /* spade-9.png in Resources */ = {isa = PBXBuildFile; fileRef = BAFB807C16C0253400E50F3E /* spade-9.png */; };
		BAFB80E516C0253400E50F3E /* spade-9@2x.png in Resources */ = {isa = PBXBuildFile; fileRef = BAFB807D16C0253400E50F3E /* spade-9@2x.png */; };
		BAFB80E616C0253400E50F3E /* spade-10.png in Resources */ = {isa = PBXBuildFile; fileRef = BAFB807E16C0253400E50F3E /* spade-10.png */; };
		BAFB80E716C0253400E50F3E /* spade-10@2x.png in Resources */ = {isa = PBXBuildFile; fileRef = BAFB807F16C0253400E50F3E /* spade-10@2x.png */; };
		BAFB80E816C0253400E50F3E /* spade-11.png in Resources */ = {isa = PBXBuildFile; fileRef = BAFB808016C0253400E50F3E /* spade-11.png */; };
		BAFB80E916C0253400E50F3E /* spade-11@2x.png in Resources */ = {isa = PBXBuildFile; fileRef = BAFB808116C0253400E50F3E /* spade-11@2x.png */; };
		BAFB80EA16C0253400E50F3E /* spade-12.png in Resources */ = {isa = PBXBuildFile; fileRef = BAFB808216C0253400E50F3E /* spade-12.png */; };
		BAFB80EB16C0253400E50F3E /* spade-12@2x.png in Resources */ = {isa = PBXBuildFile; fileRef = BAFB808316C0253400E50F3E /* spade-12@2x.png */; };
		BAFB80EC16C0253400E50F3E /* spade-13.png in Resources */ = {isa = PBXBuildFile; fileRef = BAFB808416C0253400E50F3E /* spade-13.png */; };
		BAFB80ED16C0253400E50F3E /* spade-13@2x.png in Resources */ = {isa = PBXBuildFile; fileRef = BAFB808516C0253400E50F3E /* spade-13@2x.png */; };
		BAFB80EE16C0253400E50F3E /* club-1.png in Resources */ = {isa = PBXBuildFile; fileRef = BAFB808616C0253400E50F3E /* club-1.png */; };
		BAFB80EF16C0253400E50F3E /* club-1@2x.png in Resources */ = {isa = PBXBuildFile; fileRef = BAFB808716C0253400E50F3E /* club-1@2x.png */; };
		BAFB80F016C0253400E50F3E /* club-2.png in Resources */ = {isa = PBXBuildFile; fileRef = BAFB808816C0253400E50F3E /* club-2.png */; };
		BAFB80F116C0253400E50F3E /* club-2@2x.png in Resources */ = {isa = PBXBuildFile; fileRef = BAFB808916C0253400E50F3E /* club-2@2x.png */; };
		BAFB80F216C0253400E50F3E /* club-3.png in Resources */ = {isa = PBXBuildFile; fileRef = BAFB808A16C0253400E50F3E /* club-3.png */; };
		BAFB80F316C0253400E50F3E /* club-3@2x.png in Resources */ = {isa = PBXBuildFile; fileRef = BAFB808B16C0253400E50F3E /* club-3@2x.png */; };
		BAFB80F416C0253400E50F3E /* club-4.png in Resources */ = {isa = PBXBuildFile; fileRef = BAFB808C16C0253400E50F3E /* club-4.png */; };
		BAFB80F516C0253400E50F3E /* club-4@2x.png in Resources */ = {isa = PBXBuildFile; fileRef = BAFB808D16C0253400E50F3E /* club-4@2x.png */; };
		BAFB80F616C0253400E50F3E /* club-5.png in Resources */ = {isa = PBXBuildFile; fileRef = BAFB808E16C0253400E50F3E /* club-5.png */; };
		BAFB80F716C0253400E50F3E /* club-5@2x.png in Resources */ = {isa = PBXBuildFile; fileRef = BAFB808F16C0253400E50F3E /* club-5@2x.png */; };
		BAFB80F816C0253400E50F3E /* club-6.png in Resources */ = {isa = PBXBuildFile; fileRef = BAFB809016C0253400E50F3E /* club-6.png */; };
		BAFB80F916C0253400E50F3E /* club-6@2x.png in Resources */ = {isa = PBXBuildFile; fileRef = BAFB809116C0253400E50F3E /* club-6@2x.png */; };
		BAFB80FA16C0253400E50F3E /* club-7.png in Resources */ = {isa = PBXBuildFile; fileRef = BAFB809216C0253400E50F3E /* club-7.png */; };
		BAFB80FB16C0253400E50F3E /* club-7@2x.png in Resources */ = {isa = PBXBuildFile; fileRef = BAFB809316C0253400E50F3E /* club-7@2x.png */; };
		BAFB80FC16C0253400E50F3E /* club-8.png in Resources */ = {isa = PBXBuildFile; fileRef = BAFB809416C0253400E50F3E /* club-8.png */; };
		BAFB80FD16C0253400E50F3E /* club-8@2x.png in Resources */ = {isa = PBXBuildFile; fileRef = BAFB809516C0253400E50F3E /* club-8@2x.png */; };
		BAFB80FE16C0253400E50F3E /* club-9.png in Resources */ = {isa = PBXBuildFile; fileRef = BAFB809616C0253400E50F3E /* club-9.png */; };
		BAFB80FF16C0253400E50F3E /* club-9@2x.png in Resources */ = {isa = PBXBuildFile; fileRef = BAFB809716C0253400E50F3E /* club-9@2x.png */; };
		BAFB810016C0253400E50F3E /* club-10.png in Resources */ = {isa = PBXBuildFile; fileRef = BAFB809816C0253400E50F3E /* club-10.png */; };
		BAFB810116C0253400E50F3E /* club-10@2x.png in Resources */ = {isa = PBXBuildFile; fileRef = BAFB809916C0253400E50F3E /* club-10@2x.png */; };
		BAFB810216C0253400E50F3E /* club-11.png in Resources */ = {isa = PBXBuildFile; fileRef = BAFB809A16C0253400E50F3E /* club-11.png */; };
		BAFB810316C0253400E50F3E /* club-11@2x.png in Resources */ = {isa = PBXBuildFile; fileRef = BAFB809B16C0253400E50F3E /* club-11@2x.png */; };
		BAFB810416C0253400E50F3E /* club-12.png in Resources */ = {isa = PBXBuildFile; fileRef = BAFB809C16C0253400E50F3E /* club-12.png */; };
		BAFB810516C0253400E50F3E /* club-12@2x.png in Resources */ = {isa = PBXBuildFile; fileRef = BAFB809D16C0253400E50F3E /* club-12@2x.png */; };
		BAFB810616C0253400E50F3E /* club-13.png in Resources */ = {isa = PBXBuildFile; fileRef = BAFB809E16C0253400E50F3E /* club-13.png */; };
		BAFB810716C0253400E50F3E /* club-13@2x.png in Resources */ = {isa = PBXBuildFile; fileRef = BAFB809F16C0253400E50F3E /* club-13@2x.png */; };
		BAFB810816C0253400E50F3E /* diamond-1.png in Resources */ = {isa = PBXBuildFile; fileRef = BAFB80A016C0253400E50F3E /* diamond-1.png */; };
		BAFB810916C0253400E50F3E /* diamond-10.png in Resources */ = {isa = PBXBuildFile; fileRef = BAFB80A116C0253400E50F3E /* diamond-10.png */; };
		BAFB810A16C0253400E50F3E /* diamond-10@2x.png in Resources */ = {isa = PBXBuildFile; fileRef = BAFB80A216C0253400E50F3E /* diamond-10@2x.png */; };
		BAFB810B16C0253400E50F3E /* diamond-11.png in Resources */ = {isa = PBXBuildFile; fileRef = BAFB80A316C0253400E50F3E /* diamond-11.png */; };
		BAFB810C16C0253400E50F3E /* diamond-11@2x.png in Resources */ = {isa = PBXBuildFile; fileRef = BAFB80A416C0253400E50F3E /* diamond-11@2x.png */; };
		BAFB810D16C0253400E50F3E /* diamond-12.png in Resources */ = {isa = PBXBuildFile; fileRef = BAFB80A516C0253400E50F3E /* diamond-12.png */; };
		BAFB810E16C0253400E50F3E /* diamond-12@2x.png in Resources */ = {isa = PBXBuildFile; fileRef = BAFB80A616C0253400E50F3E /* diamond-12@2x.png */; };
		BAFB810F16C0253400E50F3E /* diamond-13.png in Resources */ = {isa = PBXBuildFile; fileRef = BAFB80A716C0253400E50F3E /* diamond-13.png */; };
/* End PBXBuildFile section */

/* Begin PBXContainerItemProxy section */
		BA4119C616B44BB100983454 /* PBXContainerItemProxy */ = {
			isa = PBXContainerItemProxy;
			containerPortal = BA41198E16B44BAC00983454 /* Project object */;
			proxyType = 1;
			remoteGlobalIDString = BA41199616B44BAC00983454;
			remoteInfo = CardGame;
		};
/* End PBXContainerItemProxy section */

/* Begin PBXFileReference section */
		336AB1EE16BA1506007A1A77 /* CardMatchingGame.h */ = {isa = PBXFileReference; fileEncoding = 4; lastKnownFileType = sourcecode.c.h; name = CardMatchingGame.h; path = model/CardMatchingGame.h; sourceTree = "<group>"; };
		336AB1EF16BA1507007A1A77 /* CardMatchingGame.m */ = {isa = PBXFileReference; fileEncoding = 4; lastKnownFileType = sourcecode.c.objc; name = CardMatchingGame.m; path = model/CardMatchingGame.m; sourceTree = "<group>"; };
		33FEBF4916BA6B6E001624AD /* QuartzCore.framework */ = {isa = PBXFileReference; lastKnownFileType = wrapper.framework; name = QuartzCore.framework; path = System/Library/Frameworks/QuartzCore.framework; sourceTree = SDKROOT; };
		BA41199716B44BAC00983454 /* CardGame.app */ = {isa = PBXFileReference; explicitFileType = wrapper.application; includeInIndex = 0; path = CardGame.app; sourceTree = BUILT_PRODUCTS_DIR; };
		BA41199B16B44BAC00983454 /* UIKit.framework */ = {isa = PBXFileReference; lastKnownFileType = wrapper.framework; name = UIKit.framework; path = System/Library/Frameworks/UIKit.framework; sourceTree = SDKROOT; };
		BA41199D16B44BAC00983454 /* Foundation.framework */ = {isa = PBXFileReference; lastKnownFileType = wrapper.framework; name = Foundation.framework; path = System/Library/Frameworks/Foundation.framework; sourceTree = SDKROOT; };
		BA41199F16B44BAC00983454 /* CoreGraphics.framework */ = {isa = PBXFileReference; lastKnownFileType = wrapper.framework; name = CoreGraphics.framework; path = System/Library/Frameworks/CoreGraphics.framework; sourceTree = SDKROOT; };
		BA4119A316B44BAC00983454 /* CardGame-Info.plist */ = {isa = PBXFileReference; lastKnownFileType = text.plist.xml; path = "CardGame-Info.plist"; sourceTree = "<group>"; };
		BA4119A516B44BAC00983454 /* en */ = {isa = PBXFileReference; lastKnownFileType = text.plist.strings; name = en; path = en.lproj/InfoPlist.strings; sourceTree = "<group>"; };
		BA4119A716B44BAC00983454 /* main.m */ = {isa = PBXFileReference; lastKnownFileType = sourcecode.c.objc; path = main.m; sourceTree = "<group>"; };
		BA4119A916B44BAC00983454 /* CardGame-Prefix.pch */ = {isa = PBXFileReference; lastKnownFileType = sourcecode.c.h; path = "CardGame-Prefix.pch"; sourceTree = "<group>"; };
		BA4119AA16B44BAC00983454 /* CardGameAppDelegate.h */ = {isa = PBXFileReference; lastKnownFileType = sourcecode.c.h; path = CardGameAppDelegate.h; sourceTree = "<group>"; };
		BA4119AB16B44BAC00983454 /* CardGameAppDelegate.m */ = {isa = PBXFileReference; lastKnownFileType = sourcecode.c.objc; path = CardGameAppDelegate.m; sourceTree = "<group>"; };
		BA4119AD16B44BAC00983454 /* Default.png */ = {isa = PBXFileReference; lastKnownFileType = image.png; path = Default.png; sourceTree = "<group>"; };
		BA4119AF16B44BAD00983454 /* Default@2x.png */ = {isa = PBXFileReference; lastKnownFileType = image.png; path = "Default@2x.png"; sourceTree = "<group>"; };
		BA4119B116B44BAD00983454 /* Default-568h@2x.png */ = {isa = PBXFileReference; lastKnownFileType = image.png; path = "Default-568h@2x.png"; sourceTree = "<group>"; };
		BA4119B416B44BAD00983454 /* en */ = {isa = PBXFileReference; lastKnownFileType = file.storyboard; name = en; path = en.lproj/MainStoryboard_iPhone.storyboard; sourceTree = "<group>"; };
		BA4119B716B44BAE00983454 /* en */ = {isa = PBXFileReference; lastKnownFileType = file.storyboard; name = en; path = en.lproj/MainStoryboard_iPad.storyboard; sourceTree = "<group>"; };
		BA4119C116B44BB100983454 /* CardGameTests.octest */ = {isa = PBXFileReference; explicitFileType = wrapper.cfbundle; includeInIndex = 0; path = CardGameTests.octest; sourceTree = BUILT_PRODUCTS_DIR; };
		BA4119C216B44BB100983454 /* SenTestingKit.framework */ = {isa = PBXFileReference; lastKnownFileType = wrapper.framework; name = SenTestingKit.framework; path = Library/Frameworks/SenTestingKit.framework; sourceTree = DEVELOPER_DIR; };
		BA4119CA16B44BB100983454 /* CardGameTests-Info.plist */ = {isa = PBXFileReference; lastKnownFileType = text.plist.xml; path = "CardGameTests-Info.plist"; sourceTree = "<group>"; };
		BA4119CC16B44BB100983454 /* en */ = {isa = PBXFileReference; lastKnownFileType = text.plist.strings; name = en; path = en.lproj/InfoPlist.strings; sourceTree = "<group>"; };
		BA4119CE16B44BB100983454 /* CardGameTests.h */ = {isa = PBXFileReference; lastKnownFileType = sourcecode.c.h; path = CardGameTests.h; sourceTree = "<group>"; };
		BA4119CF16B44BB100983454 /* CardGameTests.m */ = {isa = PBXFileReference; lastKnownFileType = sourcecode.c.objc; path = CardGameTests.m; sourceTree = "<group>"; };
		BA8A6C9B16B44FD0008126C0 /* Card.h */ = {isa = PBXFileReference; fileEncoding = 4; lastKnownFileType = sourcecode.c.h; name = Card.h; path = model/Card.h; sourceTree = "<group>"; };
		BA8A6C9C16B44FD0008126C0 /* Card.m */ = {isa = PBXFileReference; fileEncoding = 4; lastKnownFileType = sourcecode.c.objc; name = Card.m; path = model/Card.m; sourceTree = "<group>"; };
		BA8A6C9E16B453ED008126C0 /* Deck.h */ = {isa = PBXFileReference; fileEncoding = 4; lastKnownFileType = sourcecode.c.h; name = Deck.h; path = model/Deck.h; sourceTree = "<group>"; };
		BA8A6C9F16B453ED008126C0 /* Deck.m */ = {isa = PBXFileReference; fileEncoding = 4; lastKnownFileType = sourcecode.c.objc; name = Deck.m; path = model/Deck.m; sourceTree = "<group>"; };
		BA8A6CA116B456CA008126C0 /* PlayingCard.h */ = {isa = PBXFileReference; fileEncoding = 4; lastKnownFileType = sourcecode.c.h; name = PlayingCard.h; path = model/PlayingCard.h; sourceTree = "<group>"; };
		BA8A6CA216B456CA008126C0 /* PlayingCard.m */ = {isa = PBXFileReference; fileEncoding = 4; lastKnownFileType = sourcecode.c.objc; name = PlayingCard.m; path = model/PlayingCard.m; sourceTree = "<group>"; };
		BA8A6CA416B46127008126C0 /* PlayingCardDeck.h */ = {isa = PBXFileReference; fileEncoding = 4; lastKnownFileType = sourcecode.c.h; name = PlayingCardDeck.h; path = model/PlayingCardDeck.h; sourceTree = "<group>"; };
		BA8A6CA516B46127008126C0 /* PlayingCardDeck.m */ = {isa = PBXFileReference; fileEncoding = 4; lastKnownFileType = sourcecode.c.objc; name = PlayingCardDeck.m; path = model/PlayingCardDeck.m; sourceTree = "<group>"; };
		BA8A6CA816B46811008126C0 /* CardGameViewController.h */ = {isa = PBXFileReference; fileEncoding = 4; lastKnownFileType = sourcecode.c.h; name = CardGameViewController.h; path = controller/CardGameViewController.h; sourceTree = "<group>"; };
		BA8A6CA916B46811008126C0 /* CardGameViewController.m */ = {isa = PBXFileReference; fileEncoding = 4; lastKnownFileType = sourcecode.c.objc; name = CardGameViewController.m; path = controller/CardGameViewController.m; sourceTree = "<group>"; };
		BAA5EF3316BCBD2B00BF8D10 /* table background.png */ = {isa = PBXFileReference; lastKnownFileType = image.png; path = "table background.png"; sourceTree = "<group>"; };
		BAA5EF3416BCBD2B00BF8D10 /* table background@2x.png */ = {isa = PBXFileReference; lastKnownFileType = image.png; path = "table background@2x.png"; sourceTree = "<group>"; };
		BAAFDAFA16BCC8DB00C5A39A /* CardBack@2x~ipad.png */ = {isa = PBXFileReference; lastKnownFileType = image.png; path = "CardBack@2x~ipad.png"; sourceTree = "<group>"; };
		BAAFDAFB16BCC8DB00C5A39A /* CardBack~ipad.png */ = {isa = PBXFileReference; lastKnownFileType = image.png; path = "CardBack~ipad.png"; sourceTree = "<group>"; };
		BAAFDB0C16BCCEAB00C5A39A /* CardBack.png */ = {isa = PBXFileReference; lastKnownFileType = image.png; path = CardBack.png; sourceTree = "<group>"; };
		BAAFDB0D16BCCEAB00C5A39A /* CardBack@2x.png */ = {isa = PBXFileReference; lastKnownFileType = image.png; path = "CardBack@2x.png"; sourceTree = "<group>"; };
		BAAFDB1016BCCEF500C5A39A /* Default-568h@2x.png */ = {isa = PBXFileReference; lastKnownFileType = image.png; path = "Default-568h@2x.png"; sourceTree = "<group>"; };
		BAAFDB1216BCD45000C5A39A /* Deal Deck.png */ = {isa = PBXFileReference; lastKnownFileType = image.png; path = "Deal Deck.png"; sourceTree = "<group>"; };
		BAAFDB1316BCD45000C5A39A /* Deal Deck@2x.png */ = {isa = PBXFileReference; lastKnownFileType = image.png; path = "Deal Deck@2x.png"; sourceTree = "<group>"; };
		BAAFDB1A16BCDAAC00C5A39A /* Default.png */ = {isa = PBXFileReference; lastKnownFileType = image.png; path = Default.png; sourceTree = "<group>"; };
		BAAFDB1D16BCDAB300C5A39A /* Default@2x.png */ = {isa = PBXFileReference; lastKnownFileType = image.png; path = "Default@2x.png"; sourceTree = "<group>"; };
		BAAFDB1F16BCDACC00C5A39A /* Default-Portrait~ipad.png */ = {isa = PBXFileReference; lastKnownFileType = image.png; path = "Default-Portrait~ipad.png"; sourceTree = "<group>"; };
		BAAFDB2116BCDB7100C5A39A /* Default-Portrait@2x~ipad.png */ = {isa = PBXFileReference; lastKnownFileType = image.png; path = "Default-Portrait@2x~ipad.png"; sourceTree = "<group>"; };
		BAAFDB2316BCDB7600C5A39A /* Default-Landscape~ipad.png */ = {isa = PBXFileReference; lastKnownFileType = image.png; path = "Default-Landscape~ipad.png"; sourceTree = "<group>"; };
		BAAFDB2516BCDB7800C5A39A /* Default-Landscape@2x~ipad.png */ = {isa = PBXFileReference; lastKnownFileType = image.png; path = "Default-Landscape@2x~ipad.png"; sourceTree = "<group>"; };
		BAFB804016C0253400E50F3E /* diamond-1@2x.png */ = {isa = PBXFileReference; lastKnownFileType = image.png; path = "diamond-1@2x.png"; sourceTree = "<group>"; };
		BAFB804116C0253400E50F3E /* diamond-2.png */ = {isa = PBXFileReference; lastKnownFileType = image.png; path = "diamond-2.png"; sourceTree = "<group>"; };
		BAFB804216C0253400E50F3E /* diamond-2@2x.png */ = {isa = PBXFileReference; lastKnownFileType = image.png; path = "diamond-2@2x.png"; sourceTree = "<group>"; };
		BAFB804316C0253400E50F3E /* diamond-3.png */ = {isa = PBXFileReference; lastKnownFileType = image.png; path = "diamond-3.png"; sourceTree = "<group>"; };
		BAFB804416C0253400E50F3E /* diamond-3@2x.png */ = {isa = PBXFileReference; lastKnownFileType = image.png; path = "diamond-3@2x.png"; sourceTree = "<group>"; };
		BAFB804516C0253400E50F3E /* diamond-4.png */ = {isa = PBXFileReference; lastKnownFileType = image.png; path = "diamond-4.png"; sourceTree = "<group>"; };
		BAFB804616C0253400E50F3E /* diamond-4@2x.png */ = {isa = PBXFileReference; lastKnownFileType = image.png; path = "diamond-4@2x.png"; sourceTree = "<group>"; };
		BAFB804716C0253400E50F3E /* diamond-5.png */ = {isa = PBXFileReference; lastKnownFileType = image.png; path = "diamond-5.png"; sourceTree = "<group>"; };
		BAFB804816C0253400E50F3E /* diamond-5@2x.png */ = {isa = PBXFileReference; lastKnownFileType = image.png; path = "diamond-5@2x.png"; sourceTree = "<group>"; };
		BAFB804916C0253400E50F3E /* diamond-6.png */ = {isa = PBXFileReference; lastKnownFileType = image.png; path = "diamond-6.png"; sourceTree = "<group>"; };
		BAFB804A16C0253400E50F3E /* diamond-6@2x.png */ = {isa = PBXFileReference; lastKnownFileType = image.png; path = "diamond-6@2x.png"; sourceTree = "<group>"; };
		BAFB804B16C0253400E50F3E /* diamond-7.png */ = {isa = PBXFileReference; lastKnownFileType = image.png; path = "diamond-7.png"; sourceTree = "<group>"; };
		BAFB804C16C0253400E50F3E /* diamond-7@2x.png */ = {isa = PBXFileReference; lastKnownFileType = image.png; path = "diamond-7@2x.png"; sourceTree = "<group>"; };
		BAFB804D16C0253400E50F3E /* diamond-8.png */ = {isa = PBXFileReference; lastKnownFileType = image.png; path = "diamond-8.png"; sourceTree = "<group>"; };
		BAFB804E16C0253400E50F3E /* diamond-8@2x.png */ = {isa = PBXFileReference; lastKnownFileType = image.png; path = "diamond-8@2x.png"; sourceTree = "<group>"; };
		BAFB804F16C0253400E50F3E /* diamond-9.png */ = {isa = PBXFileReference; lastKnownFileType = image.png; path = "diamond-9.png"; sourceTree = "<group>"; };
		BAFB805016C0253400E50F3E /* diamond-9@2x.png */ = {isa = PBXFileReference; lastKnownFileType = image.png; path = "diamond-9@2x.png"; sourceTree = "<group>"; };
		BAFB805116C0253400E50F3E /* diamond-13@2x.png */ = {isa = PBXFileReference; lastKnownFileType = image.png; path = "diamond-13@2x.png"; sourceTree = "<group>"; };
		BAFB805216C0253400E50F3E /* heart-1.png */ = {isa = PBXFileReference; lastKnownFileType = image.png; path = "heart-1.png"; sourceTree = "<group>"; };
		BAFB805316C0253400E50F3E /* heart-1@2x.png */ = {isa = PBXFileReference; lastKnownFileType = image.png; path = "heart-1@2x.png"; sourceTree = "<group>"; };
		BAFB805416C0253400E50F3E /* heart-2.png */ = {isa = PBXFileReference; lastKnownFileType = image.png; path = "heart-2.png"; sourceTree = "<group>"; };
		BAFB805516C0253400E50F3E /* heart-2@2x.png */ = {isa = PBXFileReference; lastKnownFileType = image.png; path = "heart-2@2x.png"; sourceTree = "<group>"; };
		BAFB805616C0253400E50F3E /* heart-3.png */ = {isa = PBXFileReference; lastKnownFileType = image.png; path = "heart-3.png"; sourceTree = "<group>"; };
		BAFB805716C0253400E50F3E /* heart-3@2x.png */ = {isa = PBXFileReference; lastKnownFileType = image.png; path = "heart-3@2x.png"; sourceTree = "<group>"; };
		BAFB805816C0253400E50F3E /* heart-4.png */ = {isa = PBXFileReference; lastKnownFileType = image.png; path = "heart-4.png"; sourceTree = "<group>"; };
		BAFB805916C0253400E50F3E /* heart-4@2x.png */ = {isa = PBXFileReference; lastKnownFileType = image.png; path = "heart-4@2x.png"; sourceTree = "<group>"; };
		BAFB805A16C0253400E50F3E /* heart-5.png */ = {isa = PBXFileReference; lastKnownFileType = image.png; path = "heart-5.png"; sourceTree = "<group>"; };
		BAFB805B16C0253400E50F3E /* heart-5@2x.png */ = {isa = PBXFileReference; lastKnownFileType = image.png; path = "heart-5@2x.png"; sourceTree = "<group>"; };
		BAFB805C16C0253400E50F3E /* heart-6.png */ = {isa = PBXFileReference; lastKnownFileType = image.png; path = "heart-6.png"; sourceTree = "<group>"; };
		BAFB805D16C0253400E50F3E /* heart-6@2x.png */ = {isa = PBXFileReference; lastKnownFileType = image.png; path = "heart-6@2x.png"; sourceTree = "<group>"; };
		BAFB805E16C0253400E50F3E /* heart-7.png */ = {isa = PBXFileReference; lastKnownFileType = image.png; path = "heart-7.png"; sourceTree = "<group>"; };
		BAFB805F16C0253400E50F3E /* heart-7@2x.png */ = {isa = PBXFileReference; lastKnownFileType = image.png; path = "heart-7@2x.png"; sourceTree = "<group>"; };
		BAFB806016C0253400E50F3E /* heart-8.png */ = {isa = PBXFileReference; lastKnownFileType = image.png; path = "heart-8.png"; sourceTree = "<group>"; };
		BAFB806116C0253400E50F3E /* heart-8@2x.png */ = {isa = PBXFileReference; lastKnownFileType = image.png; path = "heart-8@2x.png"; sourceTree = "<group>"; };
		BAFB806216C0253400E50F3E /* heart-9.png */ = {isa = PBXFileReference; lastKnownFileType = image.png; path = "heart-9.png"; sourceTree = "<group>"; };
		BAFB806316C0253400E50F3E /* heart-9@2x.png */ = {isa = PBXFileReference; lastKnownFileType = image.png; path = "heart-9@2x.png"; sourceTree = "<group>"; };
		BAFB806416C0253400E50F3E /* heart-10.png */ = {isa = PBXFileReference; lastKnownFileType = image.png; path = "heart-10.png"; sourceTree = "<group>"; };
		BAFB806516C0253400E50F3E /* heart-10@2x.png */ = {isa = PBXFileReference; lastKnownFileType = image.png; path = "heart-10@2x.png"; sourceTree = "<group>"; };
		BAFB806616C0253400E50F3E /* heart-11.png */ = {isa = PBXFileReference; lastKnownFileType = image.png; path = "heart-11.png"; sourceTree = "<group>"; };
		BAFB806716C0253400E50F3E /* heart-11@2x.png */ = {isa = PBXFileReference; lastKnownFileType = image.png; path = "heart-11@2x.png"; sourceTree = "<group>"; };
		BAFB806816C0253400E50F3E /* heart-12.png */ = {isa = PBXFileReference; lastKnownFileType = image.png; path = "heart-12.png"; sourceTree = "<group>"; };
		BAFB806916C0253400E50F3E /* heart-12@2x.png */ = {isa = PBXFileReference; lastKnownFileType = image.png; path = "heart-12@2x.png"; sourceTree = "<group>"; };
		BAFB806A16C0253400E50F3E /* heart-13.png */ = {isa = PBXFileReference; lastKnownFileType = image.png; path = "heart-13.png"; sourceTree = "<group>"; };
		BAFB806B16C0253400E50F3E /* heart-13@2x.png */ = {isa = PBXFileReference; lastKnownFileType = image.png; path = "heart-13@2x.png"; sourceTree = "<group>"; };
		BAFB806C16C0253400E50F3E /* spade-1.png */ = {isa = PBXFileReference; lastKnownFileType = image.png; path = "spade-1.png"; sourceTree = "<group>"; };
		BAFB806D16C0253400E50F3E /* spade-1@2x.png */ = {isa = PBXFileReference; lastKnownFileType = image.png; path = "spade-1@2x.png"; sourceTree = "<group>"; };
		BAFB806E16C0253400E50F3E /* spade-2.png */ = {isa = PBXFileReference; lastKnownFileType = image.png; path = "spade-2.png"; sourceTree = "<group>"; };
		BAFB806F16C0253400E50F3E /* spade-2@2x.png */ = {isa = PBXFileReference; lastKnownFileType = image.png; path = "spade-2@2x.png"; sourceTree = "<group>"; };
		BAFB807016C0253400E50F3E /* spade-3.png */ = {isa = PBXFileReference; lastKnownFileType = image.png; path = "spade-3.png"; sourceTree = "<group>"; };
		BAFB807116C0253400E50F3E /* spade-3@2x.png */ = {isa = PBXFileReference; lastKnownFileType = image.png; path = "spade-3@2x.png"; sourceTree = "<group>"; };
		BAFB807216C0253400E50F3E /* spade-4.png */ = {isa = PBXFileReference; lastKnownFileType = image.png; path = "spade-4.png"; sourceTree = "<group>"; };
		BAFB807316C0253400E50F3E /* spade-4@2x.png */ = {isa = PBXFileReference; lastKnownFileType = image.png; path = "spade-4@2x.png"; sourceTree = "<group>"; };
		BAFB807416C0253400E50F3E /* spade-5.png */ = {isa = PBXFileReference; lastKnownFileType = image.png; path = "spade-5.png"; sourceTree = "<group>"; };
		BAFB807516C0253400E50F3E /* spade-5@2x.png */ = {isa = PBXFileReference; lastKnownFileType = image.png; path = "spade-5@2x.png"; sourceTree = "<group>"; };
		BAFB807616C0253400E50F3E /* spade-6.png */ = {isa = PBXFileReference; lastKnownFileType = image.png; path = "spade-6.png"; sourceTree = "<group>"; };
		BAFB807716C0253400E50F3E /* spade-6@2x.png */ = {isa = PBXFileReference; lastKnownFileType = image.png; path = "spade-6@2x.png"; sourceTree = "<group>"; };
		BAFB807816C0253400E50F3E /* spade-7.png */ = {isa = PBXFileReference; lastKnownFileType = image.png; path = "spade-7.png"; sourceTree = "<group>"; };
		BAFB807916C0253400E50F3E /* spade-7@2x.png */ = {isa = PBXFileReference; lastKnownFileType = image.png; path = "spade-7@2x.png"; sourceTree = "<group>"; };
		BAFB807A16C0253400E50F3E /* spade-8.png */ = {isa = PBXFileReference; lastKnownFileType = image.png; path = "spade-8.png"; sourceTree = "<group>"; };
		BAFB807B16C0253400E50F3E /* spade-8@2x.png */ = {isa = PBXFileReference; lastKnownFileType = image.png; path = "spade-8@2x.png"; sourceTree = "<group>"; };
		BAFB807C16C0253400E50F3E /* spade-9.png */ = {isa = PBXFileReference; lastKnownFileType = image.png; path = "spade-9.png"; sourceTree = "<group>"; };
		BAFB807D16C0253400E50F3E /* spade-9@2x.png */ = {isa = PBXFileReference; lastKnownFileType = image.png; path = "spade-9@2x.png"; sourceTree = "<group>"; };
		BAFB807E16C0253400E50F3E /* spade-10.png */ = {isa = PBXFileReference; lastKnownFileType = image.png; path = "spade-10.png"; sourceTree = "<group>"; };
		BAFB807F16C0253400E50F3E /* spade-10@2x.png */ = {isa = PBXFileReference; lastKnownFileType = image.png; path = "spade-10@2x.png"; sourceTree = "<group>"; };
		BAFB808016C0253400E50F3E /* spade-11.png */ = {isa = PBXFileReference; lastKnownFileType = image.png; path = "spade-11.png"; sourceTree = "<group>"; };
		BAFB808116C0253400E50F3E /* spade-11@2x.png */ = {isa = PBXFileReference; lastKnownFileType = image.png; path = "spade-11@2x.png"; sourceTree = "<group>"; };
		BAFB808216C0253400E50F3E /* spade-12.png */ = {isa = PBXFileReference; lastKnownFileType = image.png; path = "spade-12.png"; sourceTree = "<group>"; };
		BAFB808316C0253400E50F3E /* spade-12@2x.png */ = {isa = PBXFileReference; lastKnownFileType = image.png; path = "spade-12@2x.png"; sourceTree = "<group>"; };
		BAFB808416C0253400E50F3E /* spade-13.png */ = {isa = PBXFileReference; lastKnownFileType = image.png; path = "spade-13.png"; sourceTree = "<group>"; };
		BAFB808516C0253400E50F3E /* spade-13@2x.png */ = {isa = PBXFileReference; lastKnownFileType = image.png; path = "spade-13@2x.png"; sourceTree = "<group>"; };
		BAFB808616C0253400E50F3E /* club-1.png */ = {isa = PBXFileReference; lastKnownFileType = image.png; path = "club-1.png"; sourceTree = "<group>"; };
		BAFB808716C0253400E50F3E /* club-1@2x.png */ = {isa = PBXFileReference; lastKnownFileType = image.png; path = "club-1@2x.png"; sourceTree = "<group>"; };
		BAFB808816C0253400E50F3E /* club-2.png */ = {isa = PBXFileReference; lastKnownFileType = image.png; path = "club-2.png"; sourceTree = "<group>"; };
		BAFB808916C0253400E50F3E /* club-2@2x.png */ = {isa = PBXFileReference; lastKnownFileType = image.png; path = "club-2@2x.png"; sourceTree = "<group>"; };
		BAFB808A16C0253400E50F3E /* club-3.png */ = {isa = PBXFileReference; lastKnownFileType = image.png; path = "club-3.png"; sourceTree = "<group>"; };
		BAFB808B16C0253400E50F3E /* club-3@2x.png */ = {isa = PBXFileReference; lastKnownFileType = image.png; path = "club-3@2x.png"; sourceTree = "<group>"; };
		BAFB808C16C0253400E50F3E /* club-4.png */ = {isa = PBXFileReference; lastKnownFileType = image.png; path = "club-4.png"; sourceTree = "<group>"; };
		BAFB808D16C0253400E50F3E /* club-4@2x.png */ = {isa = PBXFileReference; lastKnownFileType = image.png; path = "club-4@2x.png"; sourceTree = "<group>"; };
		BAFB808E16C0253400E50F3E /* club-5.png */ = {isa = PBXFileReference; lastKnownFileType = image.png; path = "club-5.png"; sourceTree = "<group>"; };
		BAFB808F16C0253400E50F3E /* club-5@2x.png */ = {isa = PBXFileReference; lastKnownFileType = image.png; path = "club-5@2x.png"; sourceTree = "<group>"; };
		BAFB809016C0253400E50F3E /* club-6.png */ = {isa = PBXFileReference; lastKnownFileType = image.png; path = "club-6.png"; sourceTree = "<group>"; };
		BAFB809116C0253400E50F3E /* club-6@2x.png */ = {isa = PBXFileReference; lastKnownFileType = image.png; path = "club-6@2x.png"; sourceTree = "<group>"; };
		BAFB809216C0253400E50F3E /* club-7.png */ = {isa = PBXFileReference; lastKnownFileType = image.png; path = "club-7.png"; sourceTree = "<group>"; };
		BAFB809316C0253400E50F3E /* club-7@2x.png */ = {isa = PBXFileReference; lastKnownFileType = image.png; path = "club-7@2x.png"; sourceTree = "<group>"; };
		BAFB809416C0253400E50F3E /* club-8.png */ = {isa = PBXFileReference; lastKnownFileType = image.png; path = "club-8.png"; sourceTree = "<group>"; };
		BAFB809516C0253400E50F3E /* club-8@2x.png */ = {isa = PBXFileReference; lastKnownFileType = image.png; path = "club-8@2x.png"; sourceTree = "<group>"; };
		BAFB809616C0253400E50F3E /* club-9.png */ = {isa = PBXFileReference; lastKnownFileType = image.png; path = "club-9.png"; sourceTree = "<group>"; };
		BAFB809716C0253400E50F3E /* club-9@2x.png */ = {isa = PBXFileReference; lastKnownFileType = image.png; path = "club-9@2x.png"; sourceTree = "<group>"; };
		BAFB809816C0253400E50F3E /* club-10.png */ = {isa = PBXFileReference; lastKnownFileType = image.png; path = "club-10.png"; sourceTree = "<group>"; };
		BAFB809916C0253400E50F3E /* club-10@2x.png */ = {isa = PBXFileReference; lastKnownFileType = image.png; path = "club-10@2x.png"; sourceTree = "<group>"; };
		BAFB809A16C0253400E50F3E /* club-11.png */ = {isa = PBXFileReference; lastKnownFileType = image.png; path = "club-11.png"; sourceTree = "<group>"; };
		BAFB809B16C0253400E50F3E /* club-11@2x.png */ = {isa = PBXFileReference; lastKnownFileType = image.png; path = "club-11@2x.png"; sourceTree = "<group>"; };
		BAFB809C16C0253400E50F3E /* club-12.png */ = {isa = PBXFileReference; lastKnownFileType = image.png; path = "club-12.png"; sourceTree = "<group>"; };
		BAFB809D16C0253400E50F3E /* club-12@2x.png */ = {isa = PBXFileReference; lastKnownFileType = image.png; path = "club-12@2x.png"; sourceTree = "<group>"; };
		BAFB809E16C0253400E50F3E /* club-13.png */ = {isa = PBXFileReference; lastKnownFileType = image.png; path = "club-13.png"; sourceTree = "<group>"; };
		BAFB809F16C0253400E50F3E /* club-13@2x.png */ = {isa = PBXFileReference; lastKnownFileType = image.png; path = "club-13@2x.png"; sourceTree = "<group>"; };
		BAFB80A016C0253400E50F3E /* diamond-1.png */ = {isa = PBXFileReference; lastKnownFileType = image.png; path = "diamond-1.png"; sourceTree = "<group>"; };
		BAFB80A116C0253400E50F3E /* diamond-10.png */ = {isa = PBXFileReference; lastKnownFileType = image.png; path = "diamond-10.png"; sourceTree = "<group>"; };
		BAFB80A216C0253400E50F3E /* diamond-10@2x.png */ = {isa = PBXFileReference; lastKnownFileType = image.png; path = "diamond-10@2x.png"; sourceTree = "<group>"; };
		BAFB80A316C0253400E50F3E /* diamond-11.png */ = {isa = PBXFileReference; lastKnownFileType = image.png; path = "diamond-11.png"; sourceTree = "<group>"; };
		BAFB80A416C0253400E50F3E /* diamond-11@2x.png */ = {isa = PBXFileReference; lastKnownFileType = image.png; path = "diamond-11@2x.png"; sourceTree = "<group>"; };
		BAFB80A516C0253400E50F3E /* diamond-12.png */ = {isa = PBXFileReference; lastKnownFileType = image.png; path = "diamond-12.png"; sourceTree = "<group>"; };
		BAFB80A616C0253400E50F3E /* diamond-12@2x.png */ = {isa = PBXFileReference; lastKnownFileType = image.png; path = "diamond-12@2x.png"; sourceTree = "<group>"; };
		BAFB80A716C0253400E50F3E /* diamond-13.png */ = {isa = PBXFileReference; lastKnownFileType = image.png; path = "diamond-13.png"; sourceTree = "<group>"; };
/* End PBXFileReference section */

/* Begin PBXFrameworksBuildPhase section */
		BA41199416B44BAC00983454 /* Frameworks */ = {
			isa = PBXFrameworksBuildPhase;
			buildActionMask = 2147483647;
			files = (
				33FEBF4A16BA6B6E001624AD /* QuartzCore.framework in Frameworks */,
				BA41199C16B44BAC00983454 /* UIKit.framework in Frameworks */,
				BA41199E16B44BAC00983454 /* Foundation.framework in Frameworks */,
				BA4119A016B44BAC00983454 /* CoreGraphics.framework in Frameworks */,
			);
			runOnlyForDeploymentPostprocessing = 0;
		};
		BA4119BD16B44BB100983454 /* Frameworks */ = {
			isa = PBXFrameworksBuildPhase;
			buildActionMask = 2147483647;
			files = (
				BA4119C316B44BB100983454 /* SenTestingKit.framework in Frameworks */,
				BA4119C416B44BB100983454 /* UIKit.framework in Frameworks */,
				BA4119C516B44BB100983454 /* Foundation.framework in Frameworks */,
			);
			runOnlyForDeploymentPostprocessing = 0;
		};
/* End PBXFrameworksBuildPhase section */

/* Begin PBXGroup section */
		33588B1716BB6FDF00E85276 /* images */ = {
			isa = PBXGroup;
			children = (
				BAFB803E16C0252400E50F3E /* cards */,
				BAAFDB1216BCD45000C5A39A /* Deal Deck.png */,
				BAAFDB1316BCD45000C5A39A /* Deal Deck@2x.png */,
				BAAFDB0C16BCCEAB00C5A39A /* CardBack.png */,
				BAAFDB0D16BCCEAB00C5A39A /* CardBack@2x.png */,
				BAAFDAFA16BCC8DB00C5A39A /* CardBack@2x~ipad.png */,
				BAAFDAFB16BCC8DB00C5A39A /* CardBack~ipad.png */,
				BAA5EF3316BCBD2B00BF8D10 /* table background.png */,
				BAA5EF3416BCBD2B00BF8D10 /* table background@2x.png */,
			);
			name = images;
			path = image;
			sourceTree = "<group>";
		};
		BA41198C16B44BAB00983454 = {
			isa = PBXGroup;
			children = (
				BAAFDB2516BCDB7800C5A39A /* Default-Landscape@2x~ipad.png */,
				BAAFDB2316BCDB7600C5A39A /* Default-Landscape~ipad.png */,
				BAAFDB2116BCDB7100C5A39A /* Default-Portrait@2x~ipad.png */,
				BAAFDB1F16BCDACC00C5A39A /* Default-Portrait~ipad.png */,
				BAAFDB1D16BCDAB300C5A39A /* Default@2x.png */,
				BAAFDB1A16BCDAAC00C5A39A /* Default.png */,
				BAAFDB1016BCCEF500C5A39A /* Default-568h@2x.png */,
				BA4119A116B44BAC00983454 /* CardGame */,
				BA4119C816B44BB100983454 /* CardGameTests */,
				BA41199A16B44BAC00983454 /* Frameworks */,
				BA41199816B44BAC00983454 /* Products */,
			);
			sourceTree = "<group>";
		};
		BA41199816B44BAC00983454 /* Products */ = {
			isa = PBXGroup;
			children = (
				BA41199716B44BAC00983454 /* CardGame.app */,
				BA4119C116B44BB100983454 /* CardGameTests.octest */,
			);
			name = Products;
			sourceTree = "<group>";
		};
		BA41199A16B44BAC00983454 /* Frameworks */ = {
			isa = PBXGroup;
			children = (
				33FEBF4916BA6B6E001624AD /* QuartzCore.framework */,
				BA41199B16B44BAC00983454 /* UIKit.framework */,
				BA41199D16B44BAC00983454 /* Foundation.framework */,
				BA41199F16B44BAC00983454 /* CoreGraphics.framework */,
				BA4119C216B44BB100983454 /* SenTestingKit.framework */,
			);
			name = Frameworks;
			sourceTree = "<group>";
		};
		BA4119A116B44BAC00983454 /* CardGame */ = {
			isa = PBXGroup;
			children = (
				33588B1716BB6FDF00E85276 /* images */,
				BA8A6CA716B467F7008126C0 /* controller */,
				BA8A6C9A16B44FA8008126C0 /* model */,
				BA4119B316B44BAD00983454 /* MainStoryboard_iPhone.storyboard */,
				BA4119B616B44BAE00983454 /* MainStoryboard_iPad.storyboard */,
				BA4119A216B44BAC00983454 /* Supporting Files */,
			);
			path = CardGame;
			sourceTree = "<group>";
		};
		BA4119A216B44BAC00983454 /* Supporting Files */ = {
			isa = PBXGroup;
			children = (
				BA4119AA16B44BAC00983454 /* CardGameAppDelegate.h */,
				BA4119AB16B44BAC00983454 /* CardGameAppDelegate.m */,
				BA4119A316B44BAC00983454 /* CardGame-Info.plist */,
				BA4119A416B44BAC00983454 /* InfoPlist.strings */,
				BA4119A716B44BAC00983454 /* main.m */,
				BA4119A916B44BAC00983454 /* CardGame-Prefix.pch */,
				BA4119AD16B44BAC00983454 /* Default.png */,
				BA4119AF16B44BAD00983454 /* Default@2x.png */,
				BA4119B116B44BAD00983454 /* Default-568h@2x.png */,
			);
			name = "Supporting Files";
			sourceTree = "<group>";
		};
		BA4119C816B44BB100983454 /* CardGameTests */ = {
			isa = PBXGroup;
			children = (
				BA4119CE16B44BB100983454 /* CardGameTests.h */,
				BA4119CF16B44BB100983454 /* CardGameTests.m */,
				BA4119C916B44BB100983454 /* Supporting Files */,
			);
			path = CardGameTests;
			sourceTree = "<group>";
		};
		BA4119C916B44BB100983454 /* Supporting Files */ = {
			isa = PBXGroup;
			children = (
				BA4119CA16B44BB100983454 /* CardGameTests-Info.plist */,
				BA4119CB16B44BB100983454 /* InfoPlist.strings */,
			);
			name = "Supporting Files";
			sourceTree = "<group>";
		};
		BA8A6C9A16B44FA8008126C0 /* model */ = {
			isa = PBXGroup;
			children = (
				BA8A6C9B16B44FD0008126C0 /* Card.h */,
				BA8A6C9C16B44FD0008126C0 /* Card.m */,
				BA8A6C9E16B453ED008126C0 /* Deck.h */,
				BA8A6C9F16B453ED008126C0 /* Deck.m */,
				BA8A6CA116B456CA008126C0 /* PlayingCard.h */,
				BA8A6CA216B456CA008126C0 /* PlayingCard.m */,
				BA8A6CA416B46127008126C0 /* PlayingCardDeck.h */,
				BA8A6CA516B46127008126C0 /* PlayingCardDeck.m */,
				336AB1EE16BA1506007A1A77 /* CardMatchingGame.h */,
				336AB1EF16BA1507007A1A77 /* CardMatchingGame.m */,
			);
			name = model;
			sourceTree = "<group>";
		};
		BA8A6CA716B467F7008126C0 /* controller */ = {
			isa = PBXGroup;
			children = (
				BA8A6CA816B46811008126C0 /* CardGameViewController.h */,
				BA8A6CA916B46811008126C0 /* CardGameViewController.m */,
			);
			name = controller;
			sourceTree = "<group>";
		};
		BAFB803E16C0252400E50F3E /* cards */ = {
			isa = PBXGroup;
			children = (
				BAFB804016C0253400E50F3E /* diamond-1@2x.png */,
				BAFB804116C0253400E50F3E /* diamond-2.png */,
				BAFB804216C0253400E50F3E /* diamond-2@2x.png */,
				BAFB804316C0253400E50F3E /* diamond-3.png */,
				BAFB804416C0253400E50F3E /* diamond-3@2x.png */,
				BAFB804516C0253400E50F3E /* diamond-4.png */,
				BAFB804616C0253400E50F3E /* diamond-4@2x.png */,
				BAFB804716C0253400E50F3E /* diamond-5.png */,
				BAFB804816C0253400E50F3E /* diamond-5@2x.png */,
				BAFB804916C0253400E50F3E /* diamond-6.png */,
				BAFB804A16C0253400E50F3E /* diamond-6@2x.png */,
				BAFB804B16C0253400E50F3E /* diamond-7.png */,
				BAFB804C16C0253400E50F3E /* diamond-7@2x.png */,
				BAFB804D16C0253400E50F3E /* diamond-8.png */,
				BAFB804E16C0253400E50F3E /* diamond-8@2x.png */,
				BAFB804F16C0253400E50F3E /* diamond-9.png */,
				BAFB805016C0253400E50F3E /* diamond-9@2x.png */,
				BAFB805116C0253400E50F3E /* diamond-13@2x.png */,
				BAFB805216C0253400E50F3E /* heart-1.png */,
				BAFB805316C0253400E50F3E /* heart-1@2x.png */,
				BAFB805416C0253400E50F3E /* heart-2.png */,
				BAFB805516C0253400E50F3E /* heart-2@2x.png */,
				BAFB805616C0253400E50F3E /* heart-3.png */,
				BAFB805716C0253400E50F3E /* heart-3@2x.png */,
				BAFB805816C0253400E50F3E /* heart-4.png */,
				BAFB805916C0253400E50F3E /* heart-4@2x.png */,
				BAFB805A16C0253400E50F3E /* heart-5.png */,
				BAFB805B16C0253400E50F3E /* heart-5@2x.png */,
				BAFB805C16C0253400E50F3E /* heart-6.png */,
				BAFB805D16C0253400E50F3E /* heart-6@2x.png */,
				BAFB805E16C0253400E50F3E /* heart-7.png */,
				BAFB805F16C0253400E50F3E /* heart-7@2x.png */,
				BAFB806016C0253400E50F3E /* heart-8.png */,
				BAFB806116C0253400E50F3E /* heart-8@2x.png */,
				BAFB806216C0253400E50F3E /* heart-9.png */,
				BAFB806316C0253400E50F3E /* heart-9@2x.png */,
				BAFB806416C0253400E50F3E /* heart-10.png */,
				BAFB806516C0253400E50F3E /* heart-10@2x.png */,
				BAFB806616C0253400E50F3E /* heart-11.png */,
				BAFB806716C0253400E50F3E /* heart-11@2x.png */,
				BAFB806816C0253400E50F3E /* heart-12.png */,
				BAFB806916C0253400E50F3E /* heart-12@2x.png */,
				BAFB806A16C0253400E50F3E /* heart-13.png */,
				BAFB806B16C0253400E50F3E /* heart-13@2x.png */,
				BAFB806C16C0253400E50F3E /* spade-1.png */,
				BAFB806D16C0253400E50F3E /* spade-1@2x.png */,
				BAFB806E16C0253400E50F3E /* spade-2.png */,
				BAFB806F16C0253400E50F3E /* spade-2@2x.png */,
				BAFB807016C0253400E50F3E /* spade-3.png */,
				BAFB807116C0253400E50F3E /* spade-3@2x.png */,
				BAFB807216C0253400E50F3E /* spade-4.png */,
				BAFB807316C0253400E50F3E /* spade-4@2x.png */,
				BAFB807416C0253400E50F3E /* spade-5.png */,
				BAFB807516C0253400E50F3E /* spade-5@2x.png */,
				BAFB807616C0253400E50F3E /* spade-6.png */,
				BAFB807716C0253400E50F3E /* spade-6@2x.png */,
				BAFB807816C0253400E50F3E /* spade-7.png */,
				BAFB807916C0253400E50F3E /* spade-7@2x.png */,
				BAFB807A16C0253400E50F3E /* spade-8.png */,
				BAFB807B16C0253400E50F3E /* spade-8@2x.png */,
				BAFB807C16C0253400E50F3E /* spade-9.png */,
				BAFB807D16C0253400E50F3E /* spade-9@2x.png */,
				BAFB807E16C0253400E50F3E /* spade-10.png */,
				BAFB807F16C0253400E50F3E /* spade-10@2x.png */,
				BAFB808016C0253400E50F3E /* spade-11.png */,
				BAFB808116C0253400E50F3E /* spade-11@2x.png */,
				BAFB808216C0253400E50F3E /* spade-12.png */,
				BAFB808316C0253400E50F3E /* spade-12@2x.png */,
				BAFB808416C0253400E50F3E /* spade-13.png */,
				BAFB808516C0253400E50F3E /* spade-13@2x.png */,
				BAFB808616C0253400E50F3E /* club-1.png */,
				BAFB808716C0253400E50F3E /* club-1@2x.png */,
				BAFB808816C0253400E50F3E /* club-2.png */,
				BAFB808916C0253400E50F3E /* club-2@2x.png */,
				BAFB808A16C0253400E50F3E /* club-3.png */,
				BAFB808B16C0253400E50F3E /* club-3@2x.png */,
				BAFB808C16C0253400E50F3E /* club-4.png */,
				BAFB808D16C0253400E50F3E /* club-4@2x.png */,
				BAFB808E16C0253400E50F3E /* club-5.png */,
				BAFB808F16C0253400E50F3E /* club-5@2x.png */,
				BAFB809016C0253400E50F3E /* club-6.png */,
				BAFB809116C0253400E50F3E /* club-6@2x.png */,
				BAFB809216C0253400E50F3E /* club-7.png */,
				BAFB809316C0253400E50F3E /* club-7@2x.png */,
				BAFB809416C0253400E50F3E /* club-8.png */,
				BAFB809516C0253400E50F3E /* club-8@2x.png */,
				BAFB809616C0253400E50F3E /* club-9.png */,
				BAFB809716C0253400E50F3E /* club-9@2x.png */,
				BAFB809816C0253400E50F3E /* club-10.png */,
				BAFB809916C0253400E50F3E /* club-10@2x.png */,
				BAFB809A16C0253400E50F3E /* club-11.png */,
				BAFB809B16C0253400E50F3E /* club-11@2x.png */,
				BAFB809C16C0253400E50F3E /* club-12.png */,
				BAFB809D16C0253400E50F3E /* club-12@2x.png */,
				BAFB809E16C0253400E50F3E /* club-13.png */,
				BAFB809F16C0253400E50F3E /* club-13@2x.png */,
				BAFB80A016C0253400E50F3E /* diamond-1.png */,
				BAFB80A116C0253400E50F3E /* diamond-10.png */,
				BAFB80A216C0253400E50F3E /* diamond-10@2x.png */,
				BAFB80A316C0253400E50F3E /* diamond-11.png */,
				BAFB80A416C0253400E50F3E /* diamond-11@2x.png */,
				BAFB80A516C0253400E50F3E /* diamond-12.png */,
				BAFB80A616C0253400E50F3E /* diamond-12@2x.png */,
				BAFB80A716C0253400E50F3E /* diamond-13.png */,
			);
			name = cards;
			sourceTree = "<group>";
		};
/* End PBXGroup section */

/* Begin PBXNativeTarget section */
		BA41199616B44BAC00983454 /* CardGame */ = {
			isa = PBXNativeTarget;
			buildConfigurationList = BA4119D316B44BB100983454 /* Build configuration list for PBXNativeTarget "CardGame" */;
			buildPhases = (
				BA41199316B44BAC00983454 /* Sources */,
				BA41199416B44BAC00983454 /* Frameworks */,
				BA41199516B44BAC00983454 /* Resources */,
			);
			buildRules = (
			);
			dependencies = (
			);
			name = CardGame;
			productName = CardGame;
			productReference = BA41199716B44BAC00983454 /* CardGame.app */;
			productType = "com.apple.product-type.application";
		};
		BA4119C016B44BB100983454 /* CardGameTests */ = {
			isa = PBXNativeTarget;
			buildConfigurationList = BA4119D616B44BB100983454 /* Build configuration list for PBXNativeTarget "CardGameTests" */;
			buildPhases = (
				BA4119BC16B44BB100983454 /* Sources */,
				BA4119BD16B44BB100983454 /* Frameworks */,
				BA4119BE16B44BB100983454 /* Resources */,
				BA4119BF16B44BB100983454 /* ShellScript */,
			);
			buildRules = (
			);
			dependencies = (
				BA4119C716B44BB100983454 /* PBXTargetDependency */,
			);
			name = CardGameTests;
			productName = CardGameTests;
			productReference = BA4119C116B44BB100983454 /* CardGameTests.octest */;
			productType = "com.apple.product-type.bundle";
		};
/* End PBXNativeTarget section */

/* Begin PBXProject section */
		BA41198E16B44BAC00983454 /* Project object */ = {
			isa = PBXProject;
			attributes = {
				CLASSPREFIX = CardGame;
				LastUpgradeCheck = 0450;
				ORGANIZATIONNAME = Henry;
			};
			buildConfigurationList = BA41199116B44BAC00983454 /* Build configuration list for PBXProject "CardGame" */;
			compatibilityVersion = "Xcode 3.2";
			developmentRegion = English;
			hasScannedForEncodings = 0;
			knownRegions = (
				en,
			);
			mainGroup = BA41198C16B44BAB00983454;
			productRefGroup = BA41199816B44BAC00983454 /* Products */;
			projectDirPath = "";
			projectRoot = "";
			targets = (
				BA41199616B44BAC00983454 /* CardGame */,
				BA4119C016B44BB100983454 /* CardGameTests */,
			);
		};
/* End PBXProject section */

/* Begin PBXResourcesBuildPhase section */
		BA41199516B44BAC00983454 /* Resources */ = {
			isa = PBXResourcesBuildPhase;
			buildActionMask = 2147483647;
			files = (
				BA4119A616B44BAC00983454 /* InfoPlist.strings in Resources */,
				BA4119B516B44BAD00983454 /* MainStoryboard_iPhone.storyboard in Resources */,
				BA4119B816B44BAE00983454 /* MainStoryboard_iPad.storyboard in Resources */,
				BAA5EF3516BCBD2B00BF8D10 /* table background.png in Resources */,
				BAA5EF3616BCBD2B00BF8D10 /* table background@2x.png in Resources */,
				BAAFDAFE16BCC8DB00C5A39A /* CardBack@2x~ipad.png in Resources */,
				BAAFDAFF16BCC8DB00C5A39A /* CardBack~ipad.png in Resources */,
				BAAFDB0E16BCCEAB00C5A39A /* CardBack.png in Resources */,
				BAAFDB0F16BCCEAB00C5A39A /* CardBack@2x.png in Resources */,
				BAAFDB1116BCCEF500C5A39A /* Default-568h@2x.png in Resources */,
				BAAFDB1416BCD45000C5A39A /* Deal Deck.png in Resources */,
				BAAFDB1516BCD45000C5A39A /* Deal Deck@2x.png in Resources */,
				BAAFDB1B16BCDAAC00C5A39A /* Default.png in Resources */,
				BAAFDB1E16BCDAB300C5A39A /* Default@2x.png in Resources */,
				BAAFDB2016BCDACC00C5A39A /* Default-Portrait~ipad.png in Resources */,
				BAAFDB2216BCDB7100C5A39A /* Default-Portrait@2x~ipad.png in Resources */,
				BAAFDB2416BCDB7600C5A39A /* Default-Landscape~ipad.png in Resources */,
				BAAFDB2616BCDB7800C5A39A /* Default-Landscape@2x~ipad.png in Resources */,
				BAFB80A816C0253400E50F3E /* diamond-1@2x.png in Resources */,
				BAFB80A916C0253400E50F3E /* diamond-2.png in Resources */,
				BAFB80AA16C0253400E50F3E /* diamond-2@2x.png in Resources */,
				BAFB80AB16C0253400E50F3E /* diamond-3.png in Resources */,
				BAFB80AC16C0253400E50F3E /* diamond-3@2x.png in Resources */,
				BAFB80AD16C0253400E50F3E /* diamond-4.png in Resources */,
				BAFB80AE16C0253400E50F3E /* diamond-4@2x.png in Resources */,
				BAFB80AF16C0253400E50F3E /* diamond-5.png in Resources */,
				BAFB80B016C0253400E50F3E /* diamond-5@2x.png in Resources */,
				BAFB80B116C0253400E50F3E /* diamond-6.png in Resources */,
				BAFB80B216C0253400E50F3E /* diamond-6@2x.png in Resources */,
				BAFB80B316C0253400E50F3E /* diamond-7.png in Resources */,
				BAFB80B416C0253400E50F3E /* diamond-7@2x.png in Resources */,
				BAFB80B516C0253400E50F3E /* diamond-8.png in Resources */,
				BAFB80B616C0253400E50F3E /* diamond-8@2x.png in Resources */,
				BAFB80B716C0253400E50F3E /* diamond-9.png in Resources */,
				BAFB80B816C0253400E50F3E /* diamond-9@2x.png in Resources */,
				BAFB80B916C0253400E50F3E /* diamond-13@2x.png in Resources */,
				BAFB80BA16C0253400E50F3E /* heart-1.png in Resources */,
				BAFB80BB16C0253400E50F3E /* heart-1@2x.png in Resources */,
				BAFB80BC16C0253400E50F3E /* heart-2.png in Resources */,
				BAFB80BD16C0253400E50F3E /* heart-2@2x.png in Resources */,
				BAFB80BE16C0253400E50F3E /* heart-3.png in Resources */,
				BAFB80BF16C0253400E50F3E /* heart-3@2x.png in Resources */,
				BAFB80C016C0253400E50F3E /* heart-4.png in Resources */,
				BAFB80C116C0253400E50F3E /* heart-4@2x.png in Resources */,
				BAFB80C216C0253400E50F3E /* heart-5.png in Resources */,
				BAFB80C316C0253400E50F3E /* heart-5@2x.png in Resources */,
				BAFB80C416C0253400E50F3E /* heart-6.png in Resources */,
				BAFB80C516C0253400E50F3E /* heart-6@2x.png in Resources */,
				BAFB80C616C0253400E50F3E /* heart-7.png in Resources */,
				BAFB80C716C0253400E50F3E /* heart-7@2x.png in Resources */,
				BAFB80C816C0253400E50F3E /* heart-8.png in Resources */,
				BAFB80C916C0253400E50F3E /* heart-8@2x.png in Resources */,
				BAFB80CA16C0253400E50F3E /* heart-9.png in Resources */,
				BAFB80CB16C0253400E50F3E /* heart-9@2x.png in Resources */,
				BAFB80CC16C0253400E50F3E /* heart-10.png in Resources */,
				BAFB80CD16C0253400E50F3E /* heart-10@2x.png in Resources */,
				BAFB80CE16C0253400E50F3E /* heart-11.png in Resources */,
				BAFB80CF16C0253400E50F3E /* heart-11@2x.png in Resources */,
				BAFB80D016C0253400E50F3E /* heart-12.png in Resources */,
				BAFB80D116C0253400E50F3E /* heart-12@2x.png in Resources */,
				BAFB80D216C0253400E50F3E /* heart-13.png in Resources */,
				BAFB80D316C0253400E50F3E /* heart-13@2x.png in Resources */,
				BAFB80D416C0253400E50F3E /* spade-1.png in Resources */,
				BAFB80D516C0253400E50F3E /* spade-1@2x.png in Resources */,
				BAFB80D616C0253400E50F3E /* spade-2.png in Resources */,
				BAFB80D716C0253400E50F3E /* spade-2@2x.png in Resources */,
				BAFB80D816C0253400E50F3E /* spade-3.png in Resources */,
				BAFB80D916C0253400E50F3E /* spade-3@2x.png in Resources */,
				BAFB80DA16C0253400E50F3E /* spade-4.png in Resources */,
				BAFB80DB16C0253400E50F3E /* spade-4@2x.png in Resources */,
				BAFB80DC16C0253400E50F3E /* spade-5.png in Resources */,
				BAFB80DD16C0253400E50F3E /* spade-5@2x.png in Resources */,
				BAFB80DE16C0253400E50F3E /* spade-6.png in Resources */,
				BAFB80DF16C0253400E50F3E /* spade-6@2x.png in Resources */,
				BAFB80E016C0253400E50F3E /* spade-7.png in Resources */,
				BAFB80E116C0253400E50F3E /* spade-7@2x.png in Resources */,
				BAFB80E216C0253400E50F3E /* spade-8.png in Resources */,
				BAFB80E316C0253400E50F3E /* spade-8@2x.png in Resources */,
				BAFB80E416C0253400E50F3E /* spade-9.png in Resources */,
				BAFB80E516C0253400E50F3E /* spade-9@2x.png in Resources */,
				BAFB80E616C0253400E50F3E /* spade-10.png in Resources */,
				BAFB80E716C0253400E50F3E /* spade-10@2x.png in Resources */,
				BAFB80E816C0253400E50F3E /* spade-11.png in Resources */,
				BAFB80E916C0253400E50F3E /* spade-11@2x.png in Resources */,
				BAFB80EA16C0253400E50F3E /* spade-12.png in Resources */,
				BAFB80EB16C0253400E50F3E /* spade-12@2x.png in Resources */,
				BAFB80EC16C0253400E50F3E /* spade-13.png in Resources */,
				BAFB80ED16C0253400E50F3E /* spade-13@2x.png in Resources */,
				BAFB80EE16C0253400E50F3E /* club-1.png in Resources */,
				BAFB80EF16C0253400E50F3E /* club-1@2x.png in Resources */,
				BAFB80F016C0253400E50F3E /* club-2.png in Resources */,
				BAFB80F116C0253400E50F3E /* club-2@2x.png in Resources */,
				BAFB80F216C0253400E50F3E /* club-3.png in Resources */,
				BAFB80F316C0253400E50F3E /* club-3@2x.png in Resources */,
				BAFB80F416C0253400E50F3E /* club-4.png in Resources */,
				BAFB80F516C0253400E50F3E /* club-4@2x.png in Resources */,
				BAFB80F616C0253400E50F3E /* club-5.png in Resources */,
				BAFB80F716C0253400E50F3E /* club-5@2x.png in Resources */,
				BAFB80F816C0253400E50F3E /* club-6.png in Resources */,
				BAFB80F916C0253400E50F3E /* club-6@2x.png in Resources */,
				BAFB80FA16C0253400E50F3E /* club-7.png in Resources */,
				BAFB80FB16C0253400E50F3E /* club-7@2x.png in Resources */,
				BAFB80FC16C0253400E50F3E /* club-8.png in Resources */,
				BAFB80FD16C0253400E50F3E /* club-8@2x.png in Resources */,
				BAFB80FE16C0253400E50F3E /* club-9.png in Resources */,
				BAFB80FF16C0253400E50F3E /* club-9@2x.png in Resources */,
				BAFB810016C0253400E50F3E /* club-10.png in Resources */,
				BAFB810116C0253400E50F3E /* club-10@2x.png in Resources */,
				BAFB810216C0253400E50F3E /* club-11.png in Resources */,
				BAFB810316C0253400E50F3E /* club-11@2x.png in Resources */,
				BAFB810416C0253400E50F3E /* club-12.png in Resources */,
				BAFB810516C0253400E50F3E /* club-12@2x.png in Resources */,
				BAFB810616C0253400E50F3E /* club-13.png in Resources */,
				BAFB810716C0253400E50F3E /* club-13@2x.png in Resources */,
				BAFB810816C0253400E50F3E /* diamond-1.png in Resources */,
				BAFB810916C0253400E50F3E /* diamond-10.png in Resources */,
				BAFB810A16C0253400E50F3E /* diamond-10@2x.png in Resources */,
				BAFB810B16C0253400E50F3E /* diamond-11.png in Resources */,
				BAFB810C16C0253400E50F3E /* diamond-11@2x.png in Resources */,
				BAFB810D16C0253400E50F3E /* diamond-12.png in Resources */,
				BAFB810E16C0253400E50F3E /* diamond-12@2x.png in Resources */,
				BAFB810F16C0253400E50F3E /* diamond-13.png in Resources */,
			);
			runOnlyForDeploymentPostprocessing = 0;
		};
		BA4119BE16B44BB100983454 /* Resources */ = {
			isa = PBXResourcesBuildPhase;
			buildActionMask = 2147483647;
			files = (
				BA4119CD16B44BB100983454 /* InfoPlist.strings in Resources */,
			);
			runOnlyForDeploymentPostprocessing = 0;
		};
/* End PBXResourcesBuildPhase section */

/* Begin PBXShellScriptBuildPhase section */
		BA4119BF16B44BB100983454 /* ShellScript */ = {
			isa = PBXShellScriptBuildPhase;
			buildActionMask = 2147483647;
			files = (
			);
			inputPaths = (
			);
			outputPaths = (
			);
			runOnlyForDeploymentPostprocessing = 0;
			shellPath = /bin/sh;
			shellScript = "# Run the unit tests in this test bundle.\n\"${SYSTEM_DEVELOPER_DIR}/Tools/RunUnitTests\"\n";
		};
/* End PBXShellScriptBuildPhase section */

/* Begin PBXSourcesBuildPhase section */
		BA41199316B44BAC00983454 /* Sources */ = {
			isa = PBXSourcesBuildPhase;
			buildActionMask = 2147483647;
			files = (
				BA4119A816B44BAC00983454 /* main.m in Sources */,
				BA4119AC16B44BAC00983454 /* CardGameAppDelegate.m in Sources */,
				BA8A6C9D16B44FD0008126C0 /* Card.m in Sources */,
				BA8A6CA016B453ED008126C0 /* Deck.m in Sources */,
				BA8A6CA316B456CA008126C0 /* PlayingCard.m in Sources */,
				BA8A6CA616B46127008126C0 /* PlayingCardDeck.m in Sources */,
				BA8A6CAA16B46811008126C0 /* CardGameViewController.m in Sources */,
				336AB1F016BA1507007A1A77 /* CardMatchingGame.m in Sources */,
			);
			runOnlyForDeploymentPostprocessing = 0;
		};
		BA4119BC16B44BB100983454 /* Sources */ = {
			isa = PBXSourcesBuildPhase;
			buildActionMask = 2147483647;
			files = (
				BA4119D016B44BB100983454 /* CardGameTests.m in Sources */,
			);
			runOnlyForDeploymentPostprocessing = 0;
		};
/* End PBXSourcesBuildPhase section */

/* Begin PBXTargetDependency section */
		BA4119C716B44BB100983454 /* PBXTargetDependency */ = {
			isa = PBXTargetDependency;
			target = BA41199616B44BAC00983454 /* CardGame */;
			targetProxy = BA4119C616B44BB100983454 /* PBXContainerItemProxy */;
		};
/* End PBXTargetDependency section */

/* Begin PBXVariantGroup section */
		BA4119A416B44BAC00983454 /* InfoPlist.strings */ = {
			isa = PBXVariantGroup;
			children = (
				BA4119A516B44BAC00983454 /* en */,
			);
			name = InfoPlist.strings;
			sourceTree = "<group>";
		};
		BA4119B316B44BAD00983454 /* MainStoryboard_iPhone.storyboard */ = {
			isa = PBXVariantGroup;
			children = (
				BA4119B416B44BAD00983454 /* en */,
			);
			name = MainStoryboard_iPhone.storyboard;
			sourceTree = "<group>";
		};
		BA4119B616B44BAE00983454 /* MainStoryboard_iPad.storyboard */ = {
			isa = PBXVariantGroup;
			children = (
				BA4119B716B44BAE00983454 /* en */,
			);
			name = MainStoryboard_iPad.storyboard;
			sourceTree = "<group>";
		};
		BA4119CB16B44BB100983454 /* InfoPlist.strings */ = {
			isa = PBXVariantGroup;
			children = (
				BA4119CC16B44BB100983454 /* en */,
			);
			name = InfoPlist.strings;
			sourceTree = "<group>";
		};
/* End PBXVariantGroup section */

/* Begin XCBuildConfiguration section */
		BA4119D116B44BB100983454 /* Debug */ = {
			isa = XCBuildConfiguration;
			buildSettings = {
				ALWAYS_SEARCH_USER_PATHS = NO;
				CLANG_CXX_LANGUAGE_STANDARD = "gnu++0x";
				CLANG_CXX_LIBRARY = "libc++";
				CLANG_ENABLE_OBJC_ARC = YES;
				CLANG_WARN_EMPTY_BODY = YES;
				CLANG_WARN__DUPLICATE_METHOD_MATCH = YES;
				"CODE_SIGN_IDENTITY[sdk=iphoneos*]" = "iPhone Developer";
				COPY_PHASE_STRIP = NO;
				GCC_C_LANGUAGE_STANDARD = gnu99;
				GCC_DYNAMIC_NO_PIC = NO;
				GCC_OPTIMIZATION_LEVEL = 0;
				GCC_PREPROCESSOR_DEFINITIONS = (
					"DEBUG=1",
					"$(inherited)",
				);
				GCC_SYMBOLS_PRIVATE_EXTERN = NO;
				GCC_WARN_ABOUT_RETURN_TYPE = YES;
				GCC_WARN_UNINITIALIZED_AUTOS = YES;
				GCC_WARN_UNUSED_VARIABLE = YES;
				IPHONEOS_DEPLOYMENT_TARGET = 6.0;
				ONLY_ACTIVE_ARCH = YES;
				SDKROOT = iphoneos;
				TARGETED_DEVICE_FAMILY = "1,2";
			};
			name = Debug;
		};
		BA4119D216B44BB100983454 /* Release */ = {
			isa = XCBuildConfiguration;
			buildSettings = {
				ALWAYS_SEARCH_USER_PATHS = NO;
				CLANG_CXX_LANGUAGE_STANDARD = "gnu++0x";
				CLANG_CXX_LIBRARY = "libc++";
				CLANG_ENABLE_OBJC_ARC = YES;
				CLANG_WARN_EMPTY_BODY = YES;
				CLANG_WARN__DUPLICATE_METHOD_MATCH = YES;
				"CODE_SIGN_IDENTITY[sdk=iphoneos*]" = "iPhone Developer";
				COPY_PHASE_STRIP = YES;
				GCC_C_LANGUAGE_STANDARD = gnu99;
				GCC_WARN_ABOUT_RETURN_TYPE = YES;
				GCC_WARN_UNINITIALIZED_AUTOS = YES;
				GCC_WARN_UNUSED_VARIABLE = YES;
				IPHONEOS_DEPLOYMENT_TARGET = 6.0;
				OTHER_CFLAGS = "-DNS_BLOCK_ASSERTIONS=1";
				SDKROOT = iphoneos;
				TARGETED_DEVICE_FAMILY = "1,2";
				VALIDATE_PRODUCT = YES;
			};
			name = Release;
		};
		BA4119D416B44BB100983454 /* Debug */ = {
			isa = XCBuildConfiguration;
			buildSettings = {
				GCC_PRECOMPILE_PREFIX_HEADER = YES;
				GCC_PREFIX_HEADER = "CardGame/CardGame-Prefix.pch";
				INFOPLIST_FILE = "CardGame/CardGame-Info.plist";
				PRODUCT_NAME = "$(TARGET_NAME)";
				WRAPPER_EXTENSION = app;
			};
			name = Debug;
		};
		BA4119D516B44BB100983454 /* Release */ = {
			isa = XCBuildConfiguration;
			buildSettings = {
				GCC_PRECOMPILE_PREFIX_HEADER = YES;
				GCC_PREFIX_HEADER = "CardGame/CardGame-Prefix.pch";
				INFOPLIST_FILE = "CardGame/CardGame-Info.plist";
				PRODUCT_NAME = "$(TARGET_NAME)";
				WRAPPER_EXTENSION = app;
			};
			name = Release;
		};
		BA4119D716B44BB100983454 /* Debug */ = {
			isa = XCBuildConfiguration;
			buildSettings = {
				BUNDLE_LOADER = "$(BUILT_PRODUCTS_DIR)/CardGame.app/CardGame";
				FRAMEWORK_SEARCH_PATHS = (
					"\"$(SDKROOT)/Developer/Library/Frameworks\"",
					"\"$(DEVELOPER_LIBRARY_DIR)/Frameworks\"",
				);
				GCC_PRECOMPILE_PREFIX_HEADER = YES;
				GCC_PREFIX_HEADER = "CardGame/CardGame-Prefix.pch";
				INFOPLIST_FILE = "CardGameTests/CardGameTests-Info.plist";
				PRODUCT_NAME = "$(TARGET_NAME)";
				TEST_HOST = "$(BUNDLE_LOADER)";
				WRAPPER_EXTENSION = octest;
			};
			name = Debug;
		};
		BA4119D816B44BB100983454 /* Release */ = {
			isa = XCBuildConfiguration;
			buildSettings = {
				BUNDLE_LOADER = "$(BUILT_PRODUCTS_DIR)/CardGame.app/CardGame";
				FRAMEWORK_SEARCH_PATHS = (
					"\"$(SDKROOT)/Developer/Library/Frameworks\"",
					"\"$(DEVELOPER_LIBRARY_DIR)/Frameworks\"",
				);
				GCC_PRECOMPILE_PREFIX_HEADER = YES;
				GCC_PREFIX_HEADER = "CardGame/CardGame-Prefix.pch";
				INFOPLIST_FILE = "CardGameTests/CardGameTests-Info.plist";
				PRODUCT_NAME = "$(TARGET_NAME)";
				TEST_HOST = "$(BUNDLE_LOADER)";
				WRAPPER_EXTENSION = octest;
			};
			name = Release;
		};
/* End XCBuildConfiguration section */

/* Begin XCConfigurationList section */
		BA41199116B44BAC00983454 /* Build configuration list for PBXProject "CardGame" */ = {
			isa = XCConfigurationList;
			buildConfigurations = (
				BA4119D116B44BB100983454 /* Debug */,
				BA4119D216B44BB100983454 /* Release */,
			);
			defaultConfigurationIsVisible = 0;
			defaultConfigurationName = Release;
		};
		BA4119D316B44BB100983454 /* Build configuration list for PBXNativeTarget "CardGame" */ = {
			isa = XCConfigurationList;
			buildConfigurations = (
				BA4119D416B44BB100983454 /* Debug */,
				BA4119D516B44BB100983454 /* Release */,
			);
			defaultConfigurationIsVisible = 0;
			defaultConfigurationName = Release;
		};
		BA4119D616B44BB100983454 /* Build configuration list for PBXNativeTarget "CardGameTests" */ = {
			isa = XCConfigurationList;
			buildConfigurations = (
				BA4119D716B44BB100983454 /* Debug */,
				BA4119D816B44BB100983454 /* Release */,
			);
			defaultConfigurationIsVisible = 0;
			defaultConfigurationName = Release;
		};
/* End XCConfigurationList section */
	};
	rootObject = BA41198E16B44BAC00983454 /* Project object */;
}
